
Microsoft Visual Studio Solution File, Format Version 12.00
# Visual Studio 15
VisualStudioVersion = 15.0.27004.2008
MinimumVisualStudioVersion = 10.0.40219.1
Project("{FAE04EC0-301F-11D3-BF4B-00C04F79EFBC}") = "ProyectoMVC.UI", "ProyectoMVC.UI\ProyectoMVC.UI.csproj", "{FCB24750-EB6E-45F0-BA76-83FC262AFD42}"
EndProject
Project("{FAE04EC0-301F-11D3-BF4B-00C04F79EFBC}") = "ProyectoMVC.Model", "ProyectoMVC.Model\ProyectoMVC.Model.csproj", "{49065E79-4B0E-42D2-8634-4F0B943383E9}"
EndProject
Project("{FAE04EC0-301F-11D3-BF4B-00C04F79EFBC}") = "ProyectoMVC.LogicaDeNegocios", "ProyectoMVC.LogicaDeNegocios\ProyectoMVC.LogicaDeNegocios.csproj", "{985950CA-0677-4D49-B0EC-887AB0D23EAA}"
EndProject
Project("{FAE04EC0-301F-11D3-BF4B-00C04F79EFBC}") = "ProyectoMVC.AccesoADatos", "ProyectoMVC.AccesoADatos\ProyectoMVC.AccesoADatos.csproj", "{DB0C6D80-C771-4D1C-B5DD-AEB8E39CE738}"
EndProject
Global
	GlobalSection(SolutionConfigurationPlatforms) = preSolution
		Debug|Any CPU = Debug|Any CPU
		Debug|ARM = Debug|ARM
		Debug|x64 = Debug|x64
		Debug|x86 = Debug|x86
		Release|Any CPU = Release|Any CPU
		Release|ARM = Release|ARM
		Release|x64 = Release|x64
		Release|x86 = Release|x86
	EndGlobalSection
	GlobalSection(ProjectConfigurationPlatforms) = postSolution
		{FCB24750-EB6E-45F0-BA76-83FC262AFD42}.Debug|Any CPU.ActiveCfg = Debug|Any CPU
		{FCB24750-EB6E-45F0-BA76-83FC262AFD42}.Debug|Any CPU.Build.0 = Debug|Any CPU
		{FCB24750-EB6E-45F0-BA76-83FC262AFD42}.Debug|ARM.ActiveCfg = Debug|Any CPU
		{FCB24750-EB6E-45F0-BA76-83FC262AFD42}.Debug|ARM.Build.0 = Debug|Any CPU
		{FCB24750-EB6E-45F0-BA76-83FC262AFD42}.Debug|x64.ActiveCfg = Debug|Any CPU
		{FCB24750-EB6E-45F0-BA76-83FC262AFD42}.Debug|x64.Build.0 = Debug|Any CPU
		{FCB24750-EB6E-45F0-BA76-83FC262AFD42}.Debug|x86.ActiveCfg = Debug|Any CPU
		{FCB24750-EB6E-45F0-BA76-83FC262AFD42}.Debug|x86.Build.0 = Debug|Any CPU
		{FCB24750-EB6E-45F0-BA76-83FC262AFD42}.Release|Any CPU.ActiveCfg = Release|Any CPU
		{FCB24750-EB6E-45F0-BA76-83FC262AFD42}.Release|Any CPU.Build.0 = Release|Any CPU
		{FCB24750-EB6E-45F0-BA76-83FC262AFD42}.Release|ARM.ActiveCfg = Release|Any CPU
		{FCB24750-EB6E-45F0-BA76-83FC262AFD42}.Release|ARM.Build.0 = Release|Any CPU
		{FCB24750-EB6E-45F0-BA76-83FC262AFD42}.Release|x64.ActiveCfg = Release|Any CPU
		{FCB24750-EB6E-45F0-BA76-83FC262AFD42}.Release|x64.Build.0 = Release|Any CPU
		{FCB24750-EB6E-45F0-BA76-83FC262AFD42}.Release|x86.ActiveCfg = Release|Any CPU
		{FCB24750-EB6E-45F0-BA76-83FC262AFD42}.Release|x86.Build.0 = Release|Any CPU
		{49065E79-4B0E-42D2-8634-4F0B943383E9}.Debug|Any CPU.ActiveCfg = Debug|Any CPU
		{49065E79-4B0E-42D2-8634-4F0B943383E9}.Debug|Any CPU.Build.0 = Debug|Any CPU
		{49065E79-4B0E-42D2-8634-4F0B943383E9}.Debug|ARM.ActiveCfg = Debug|Any CPU
		{49065E79-4B0E-42D2-8634-4F0B943383E9}.Debug|ARM.Build.0 = Debug|Any CPU
		{49065E79-4B0E-42D2-8634-4F0B943383E9}.Debug|x64.ActiveCfg = Debug|Any CPU
		{49065E79-4B0E-42D2-8634-4F0B943383E9}.Debug|x64.Build.0 = Debug|Any CPU
		{49065E79-4B0E-42D2-8634-4F0B943383E9}.Debug|x86.ActiveCfg = Debug|Any CPU
		{49065E79-4B0E-42D2-8634-4F0B943383E9}.Debug|x86.Build.0 = Debug|Any CPU
		{49065E79-4B0E-42D2-8634-4F0B943383E9}.Release|Any CPU.ActiveCfg = Release|Any CPU
		{49065E79-4B0E-42D2-8634-4F0B943383E9}.Release|Any CPU.Build.0 = Release|Any CPU
		{49065E79-4B0E-42D2-8634-4F0B943383E9}.Release|ARM.ActiveCfg = Release|Any CPU
		{49065E79-4B0E-42D2-8634-4F0B943383E9}.Release|ARM.Build.0 = Release|Any CPU
		{49065E79-4B0E-42D2-8634-4F0B943383E9}.Release|x64.ActiveCfg = Release|Any CPU
		{49065E79-4B0E-42D2-8634-4F0B943383E9}.Release|x64.Build.0 = Release|Any CPU
		{49065E79-4B0E-42D2-8634-4F0B943383E9}.Release|x86.ActiveCfg = Release|Any CPU
		{49065E79-4B0E-42D2-8634-4F0B943383E9}.Release|x86.Build.0 = Release|Any CPU
		{985950CA-0677-4D49-B0EC-887AB0D23EAA}.Debug|Any CPU.ActiveCfg = Debug|Any CPU
		{985950CA-0677-4D49-B0EC-887AB0D23EAA}.Debug|Any CPU.Build.0 = Debug|Any CPU
		{985950CA-0677-4D49-B0EC-887AB0D23EAA}.Debug|ARM.ActiveCfg = Debug|Any CPU
		{985950CA-0677-4D49-B0EC-887AB0D23EAA}.Debug|ARM.Build.0 = Debug|Any CPU
		{985950CA-0677-4D49-B0EC-887AB0D23EAA}.Debug|x64.ActiveCfg = Debug|Any CPU
		{985950CA-0677-4D49-B0EC-887AB0D23EAA}.Debug|x64.Build.0 = Debug|Any CPU
		{985950CA-0677-4D49-B0EC-887AB0D23EAA}.Debug|x86.ActiveCfg = Debug|Any CPU
		{985950CA-0677-4D49-B0EC-887AB0D23EAA}.Debug|x86.Build.0 = Debug|Any CPU
		{985950CA-0677-4D49-B0EC-887AB0D23EAA}.Release|Any CPU.ActiveCfg = Release|Any CPU
		{985950CA-0677-4D49-B0EC-887AB0D23EAA}.Release|Any CPU.Build.0 = Release|Any CPU
		{985950CA-0677-4D49-B0EC-887AB0D23EAA}.Release|ARM.ActiveCfg = Release|Any CPU
		{985950CA-0677-4D49-B0EC-887AB0D23EAA}.Release|ARM.Build.0 = Release|Any CPU
		{985950CA-0677-4D49-B0EC-887AB0D23EAA}.Release|x64.ActiveCfg = Release|Any CPU
		{985950CA-0677-4D49-B0EC-887AB0D23EAA}.Release|x64.Build.0 = Release|Any CPU
		{985950CA-0677-4D49-B0EC-887AB0D23EAA}.Release|x86.ActiveCfg = Release|Any CPU
		{985950CA-0677-4D49-B0EC-887AB0D23EAA}.Release|x86.Build.0 = Release|Any CPU
		{DB0C6D80-C771-4D1C-B5DD-AEB8E39CE738}.Debug|Any CPU.ActiveCfg = Debug|Any CPU
		{DB0C6D80-C771-4D1C-B5DD-AEB8E39CE738}.Debug|Any CPU.Build.0 = Debug|Any CPU
		{DB0C6D80-C771-4D1C-B5DD-AEB8E39CE738}.Debug|ARM.ActiveCfg = Debug|Any CPU
		{DB0C6D80-C771-4D1C-B5DD-AEB8E39CE738}.Debug|ARM.Build.0 = Debug|Any CPU
		{DB0C6D80-C771-4D1C-B5DD-AEB8E39CE738}.Debug|x64.ActiveCfg = Debug|Any CPU
		{DB0C6D80-C771-4D1C-B5DD-AEB8E39CE738}.Debug|x64.Build.0 = Debug|Any CPU
		{DB0C6D80-C771-4D1C-B5DD-AEB8E39CE738}.Debug|x86.ActiveCfg = Debug|Any CPU
		{DB0C6D80-C771-4D1C-B5DD-AEB8E39CE738}.Debug|x86.Build.0 = Debug|Any CPU
		{DB0C6D80-C771-4D1C-B5DD-AEB8E39CE738}.Release|Any CPU.ActiveCfg = Release|Any CPU
		{DB0C6D80-C771-4D1C-B5DD-AEB8E39CE738}.Release|Any CPU.Build.0 = Release|Any CPU
		{DB0C6D80-C771-4D1C-B5DD-AEB8E39CE738}.Release|ARM.ActiveCfg = Release|Any CPU
		{DB0C6D80-C771-4D1C-B5DD-AEB8E39CE738}.Release|ARM.Build.0 = Release|Any CPU
		{DB0C6D80-C771-4D1C-B5DD-AEB8E39CE738}.Release|x64.ActiveCfg = Release|Any CPU
		{DB0C6D80-C771-4D1C-B5DD-AEB8E39CE738}.Release|x64.Build.0 = Release|Any CPU
		{DB0C6D80-C771-4D1C-B5DD-AEB8E39CE738}.Release|x86.ActiveCfg = Release|Any CPU
		{DB0C6D80-C771-4D1C-B5DD-AEB8E39CE738}.Release|x86.Build.0 = Release|Any CPU
	EndGlobalSection
	GlobalSection(SolutionProperties) = preSolution
		HideSolutionNode = FALSE
	EndGlobalSection
	GlobalSection(ExtensibilityGlobals) = postSolution
		SolutionGuid = {28F84271-2181-4121-AC82-8348CCBCABA8}
	EndGlobalSection
EndGlobal
